
Microsoft Visual Studio Solution File, Format Version 12.00
# Visual Studio Version 17
VisualStudioVersion = 17.0.32112.339
MinimumVisualStudioVersion = 10.0.40219.1
Project("{9A19103F-16F7-4668-BE54-9A1E7A4F7556}") = "NaturalMixWebClient", "NaturalMixWebClient\NaturalMixWebClient.csproj", "{2E255B10-8DBE-40D8-B64E-2CF404B8CD23}"
EndProject
Global
	GlobalSection(SolutionConfigurationPlatforms) = preSolution
		Debug|Any CPU = Debug|Any CPU
		Release|Any CPU = Release|Any CPU
	EndGlobalSection
	GlobalSection(ProjectConfigurationPlatforms) = postSolution
		{2E255B10-8DBE-40D8-B64E-2CF404B8CD23}.Debug|Any CPU.ActiveCfg = Debug|Any CPU
		{2E255B10-8DBE-40D8-B64E-2CF404B8CD23}.Debug|Any CPU.Build.0 = Debug|Any CPU
		{2E255B10-8DBE-40D8-B64E-2CF404B8CD23}.Release|Any CPU.ActiveCfg = Release|Any CPU
		{2E255B10-8DBE-40D8-B64E-2CF404B8CD23}.Release|Any CPU.Build.0 = Release|Any CPU
	EndGlobalSection
	GlobalSection(SolutionProperties) = preSolution
		HideSolutionNode = FALSE
	EndGlobalSection
	GlobalSection(ExtensibilityGlobals) = postSolution
		SolutionGuid = {B64AD240-54F7-4AC2-A390-FA789E31E488}
	EndGlobalSection
EndGlobal
